
Microsoft Visual Studio Solution File, Format Version 12.00
# Visual Studio Version 17
VisualStudioVersion = 17.6.33801.468
MinimumVisualStudioVersion = 10.0.40219.1
Project("{FAE04EC0-301F-11D3-BF4B-00C04F79EFBC}") = "reactserver", "reactserver\reactserver.csproj", "{DFAA640A-E554-4681-86BC-3419A7CE85F3}"
EndProject
Project("{FAE04EC0-301F-11D3-BF4B-00C04F79EFBC}") = "reactserver.database", "reactserver.database\reactserver.database.csproj", "{E9384419-BB9B-41DD-917D-AEAE90B4BB99}"
EndProject
Project("{FAE04EC0-301F-11D3-BF4B-00C04F79EFBC}") = "reactserver.Domain", "reactserver.Domain\reactserver.Domain.csproj", "{3165F994-325A-4170-8444-8D11C03E1690}"
EndProject
Global
	GlobalSection(SolutionConfigurationPlatforms) = preSolution
		Debug|Any CPU = Debug|Any CPU
		Release|Any CPU = Release|Any CPU
	EndGlobalSection
	GlobalSection(ProjectConfigurationPlatforms) = postSolution
		{DFAA640A-E554-4681-86BC-3419A7CE85F3}.Debug|Any CPU.ActiveCfg = Debug|Any CPU
		{DFAA640A-E554-4681-86BC-3419A7CE85F3}.Debug|Any CPU.Build.0 = Debug|Any CPU
		{DFAA640A-E554-4681-86BC-3419A7CE85F3}.Release|Any CPU.ActiveCfg = Release|Any CPU
		{DFAA640A-E554-4681-86BC-3419A7CE85F3}.Release|Any CPU.Build.0 = Release|Any CPU
		{E9384419-BB9B-41DD-917D-AEAE90B4BB99}.Debug|Any CPU.ActiveCfg = Debug|Any CPU
		{E9384419-BB9B-41DD-917D-AEAE90B4BB99}.Debug|Any CPU.Build.0 = Debug|Any CPU
		{E9384419-BB9B-41DD-917D-AEAE90B4BB99}.Release|Any CPU.ActiveCfg = Release|Any CPU
		{E9384419-BB9B-41DD-917D-AEAE90B4BB99}.Release|Any CPU.Build.0 = Release|Any CPU
		{3165F994-325A-4170-8444-8D11C03E1690}.Debug|Any CPU.ActiveCfg = Debug|Any CPU
		{3165F994-325A-4170-8444-8D11C03E1690}.Debug|Any CPU.Build.0 = Debug|Any CPU
		{3165F994-325A-4170-8444-8D11C03E1690}.Release|Any CPU.ActiveCfg = Release|Any CPU
		{3165F994-325A-4170-8444-8D11C03E1690}.Release|Any CPU.Build.0 = Release|Any CPU
	EndGlobalSection
	GlobalSection(SolutionProperties) = preSolution
		HideSolutionNode = FALSE
	EndGlobalSection
	GlobalSection(ExtensibilityGlobals) = postSolution
		SolutionGuid = {F5D54AB9-C8B7-44CB-AEE8-E7278F46AE41}
	EndGlobalSection
EndGlobal
